// !$*UTF8*$!
{
	archiveVersion = 1;
	classes = {
	};
	objectVersion = 50;
	objects = {

/* Begin PBXBuildFile section */
		EFFA7DDD236A382F004399A7 /* AppDelegate.m in Sources */ = {isa = PBXBuildFile; fileRef = EFFA7DDC236A382F004399A7 /* AppDelegate.m */; };
		EFFA7DE0236A382F004399A7 /* SceneDelegate.m in Sources */ = {isa = PBXBuildFile; fileRef = EFFA7DDF236A382F004399A7 /* SceneDelegate.m */; };
		EFFA7DE3236A382F004399A7 /* ViewController.m in Sources */ = {isa = PBXBuildFile; fileRef = EFFA7DE2236A382F004399A7 /* ViewController.m */; };
		EFFA7DE6236A382F004399A7 /* Main.storyboard in Resources */ = {isa = PBXBuildFile; fileRef = EFFA7DE4236A382F004399A7 /* Main.storyboard */; };
		EFFA7DE8236A3830004399A7 /* Assets.xcassets in Resources */ = {isa = PBXBuildFile; fileRef = EFFA7DE7236A3830004399A7 /* Assets.xcassets */; };
		EFFA7DEB236A3830004399A7 /* LaunchScreen.storyboard in Resources */ = {isa = PBXBuildFile; fileRef = EFFA7DE9236A3830004399A7 /* LaunchScreen.storyboard */; };
		EFFA7DEE236A3830004399A7 /* main.m in Sources */ = {isa = PBXBuildFile; fileRef = EFFA7DED236A3830004399A7 /* main.m */; };
/* End PBXBuildFile section */

/* Begin PBXFileReference section */
		EFFA7DD8236A382F004399A7 /* iOS-Planets-Obj-C.app */ = {isa = PBXFileReference; explicitFileType = wrapper.application; includeInIndex = 0; path = "iOS-Planets-Obj-C.app"; sourceTree = BUILT_PRODUCTS_DIR; };
		EFFA7DDB236A382F004399A7 /* AppDelegate.h */ = {isa = PBXFileReference; lastKnownFileType = sourcecode.c.h; path = AppDelegate.h; sourceTree = "<group>"; };
		EFFA7DDC236A382F004399A7 /* AppDelegate.m */ = {isa = PBXFileReference; lastKnownFileType = sourcecode.c.objc; path = AppDelegate.m; sourceTree = "<group>"; };
		EFFA7DDE236A382F004399A7 /* SceneDelegate.h */ = {isa = PBXFileReference; lastKnownFileType = sourcecode.c.h; path = SceneDelegate.h; sourceTree = "<group>"; };
		EFFA7DDF236A382F004399A7 /* SceneDelegate.m */ = {isa = PBXFileReference; lastKnownFileType = sourcecode.c.objc; path = SceneDelegate.m; sourceTree = "<group>"; };
		EFFA7DE1236A382F004399A7 /* ViewController.h */ = {isa = PBXFileReference; lastKnownFileType = sourcecode.c.h; path = ViewController.h; sourceTree = "<group>"; };
		EFFA7DE2236A382F004399A7 /* ViewController.m */ = {isa = PBXFileReference; lastKnownFileType = sourcecode.c.objc; path = ViewController.m; sourceTree = "<group>"; };
		EFFA7DE5236A382F004399A7 /* Base */ = {isa = PBXFileReference; lastKnownFileType = file.storyboard; name = Base; path = Base.lproj/Main.storyboard; sourceTree = "<group>"; };
		EFFA7DE7236A3830004399A7 /* Assets.xcassets */ = {isa = PBXFileReference; lastKnownFileType = folder.assetcatalog; path = Assets.xcassets; sourceTree = "<group>"; };
		EFFA7DEA236A3830004399A7 /* Base */ = {isa = PBXFileReference; lastKnownFileType = file.storyboard; name = Base; path = Base.lproj/LaunchScreen.storyboard; sourceTree = "<group>"; };
		EFFA7DEC236A3830004399A7 /* Info.plist */ = {isa = PBXFileReference; lastKnownFileType = text.plist.xml; path = Info.plist; sourceTree = "<group>"; };
		EFFA7DED236A3830004399A7 /* main.m */ = {isa = PBXFileReference; lastKnownFileType = sourcecode.c.objc; path = main.m; sourceTree = "<group>"; };
/* End PBXFileReference section */

/* Begin PBXFrameworksBuildPhase section */
		EFFA7DD5236A382F004399A7 /* Frameworks */ = {
			isa = PBXFrameworksBuildPhase;
			buildActionMask = 2147483647;
			files = (
			);
			runOnlyForDeploymentPostprocessing = 0;
		};
/* End PBXFrameworksBuildPhase section */

/* Begin PBXGroup section */
		EFFA7DCF236A382F004399A7 = {
			isa = PBXGroup;
			children = (
				EFFA7DDA236A382F004399A7 /* iOS-Planets-Obj-C */,
				EFFA7DF5236A66B9004399A7 /* Resources */,
				EFFA7DD9236A382F004399A7 /* Products */,
			);
			sourceTree = "<group>";
		};
		EFFA7DD9236A382F004399A7 /* Products */ = {
			isa = PBXGroup;
			children = (
				EFFA7DD8236A382F004399A7 /* iOS-Planets-Obj-C.app */,
			);
			name = Products;
			sourceTree = "<group>";
		};
		EFFA7DDA236A382F004399A7 /* iOS-Planets-Obj-C */ = {
			isa = PBXGroup;
			children = (
				EFFA7DDE236A382F004399A7 /* SceneDelegate.h */,
				EFFA7DDF236A382F004399A7 /* SceneDelegate.m */,
				EFFA7DF6236A66DD004399A7 /* ViewControllers */,
				EFFA7DF4236A66A1004399A7 /* Storyboards */,
				EFFA7DEC236A3830004399A7 /* Info.plist */,
				EFFA7DED236A3830004399A7 /* main.m */,
			);
			path = "iOS-Planets-Obj-C";
			sourceTree = "<group>";
		};
		EFFA7DF4236A66A1004399A7 /* Storyboards */ = {
			isa = PBXGroup;
			children = (
				EFFA7DE4236A382F004399A7 /* Main.storyboard */,
				EFFA7DE9236A3830004399A7 /* LaunchScreen.storyboard */,
			);
			path = Storyboards;
			sourceTree = "<group>";
		};
		EFFA7DF5236A66B9004399A7 /* Resources */ = {
			isa = PBXGroup;
			children = (
				EFFA7DDB236A382F004399A7 /* AppDelegate.h */,
				EFFA7DDC236A382F004399A7 /* AppDelegate.m */,
				EFFA7DE7236A3830004399A7 /* Assets.xcassets */,
			);
			path = Resources;
			sourceTree = "<group>";
		};
		EFFA7DF6236A66DD004399A7 /* ViewControllers */ = {
			isa = PBXGroup;
			children = (
				EFFA7DE1236A382F004399A7 /* ViewController.h */,
				EFFA7DE2236A382F004399A7 /* ViewController.m */,
			);
			path = ViewControllers;
			sourceTree = "<group>";
		};
/* End PBXGroup section */

/* Begin PBXNativeTarget section */
		EFFA7DD7236A382F004399A7 /* iOS-Planets-Obj-C */ = {
			isa = PBXNativeTarget;
			buildConfigurationList = EFFA7DF1236A3830004399A7 /* Build configuration list for PBXNativeTarget "iOS-Planets-Obj-C" */;
			buildPhases = (
				EFFA7DD4236A382F004399A7 /* Sources */,
				EFFA7DD5236A382F004399A7 /* Frameworks */,
				EFFA7DD6236A382F004399A7 /* Resources */,
			);
			buildRules = (
			);
			dependencies = (
			);
			name = "iOS-Planets-Obj-C";
			productName = "iOS-Planets-Obj-C";
			productReference = EFFA7DD8236A382F004399A7 /* iOS-Planets-Obj-C.app */;
			productType = "com.apple.product-type.application";
		};
/* End PBXNativeTarget section */

/* Begin PBXProject section */
		EFFA7DD0236A382F004399A7 /* Project object */ = {
			isa = PBXProject;
			attributes = {
				LastUpgradeCheck = 1110;
				ORGANIZATIONNAME = Seschwan;
				TargetAttributes = {
					EFFA7DD7236A382F004399A7 = {
						CreatedOnToolsVersion = 11.1;
					};
				};
			};
			buildConfigurationList = EFFA7DD3236A382F004399A7 /* Build configuration list for PBXProject "iOS-Planets-Obj-C" */;
			compatibilityVersion = "Xcode 9.3";
			developmentRegion = en;
			hasScannedForEncodings = 0;
			knownRegions = (
				en,
				Base,
			);
			mainGroup = EFFA7DCF236A382F004399A7;
			productRefGroup = EFFA7DD9236A382F004399A7 /* Products */;
			projectDirPath = "";
			projectRoot = "";
			targets = (
				EFFA7DD7236A382F004399A7 /* iOS-Planets-Obj-C */,
			);
		};
/* End PBXProject section */

/* Begin PBXResourcesBuildPhase section */
		EFFA7DD6236A382F004399A7 /* Resources */ = {
			isa = PBXResourcesBuildPhase;
			buildActionMask = 2147483647;
			files = (
				EFFA7DEB236A3830004399A7 /* LaunchScreen.storyboard in Resources */,
				EFFA7DE8236A3830004399A7 /* Assets.xcassets in Resources */,
				EFFA7DE6236A382F004399A7 /* Main.storyboard in Resources */,
			);
			runOnlyForDeploymentPostprocessing = 0;
		};
/* End PBXResourcesBuildPhase section */

/* Begin PBXSourcesBuildPhase section */
		EFFA7DD4236A382F004399A7 /* Sources */ = {
			isa = PBXSourcesBuildPhase;
			buildActionMask = 2147483647;
			files = (
				EFFA7DE3236A382F004399A7 /* ViewController.m in Sources */,
				EFFA7DDD236A382F004399A7 /* AppDelegate.m in Sources */,
				EFFA7DEE236A3830004399A7 /* main.m in Sources */,
				EFFA7DE0236A382F004399A7 /* SceneDelegate.m in Sources */,
			);
			runOnlyForDeploymentPostprocessing = 0;
		};
/* End PBXSourcesBuildPhase section */

/* Begin PBXVariantGroup section */
		EFFA7DE4236A382F004399A7 /* Main.storyboard */ = {
			isa = PBXVariantGroup;
			children = (
				EFFA7DE5236A382F004399A7 /* Base */,
			);
			name = Main.storyboard;
			sourceTree = "<group>";
		};
		EFFA7DE9236A3830004399A7 /* LaunchScreen.storyboard */ = {
			isa = PBXVariantGroup;
			children = (
				EFFA7DEA236A3830004399A7 /* Base */,
			);
			name = LaunchScreen.storyboard;
			sourceTree = "<group>";
		};
/* End PBXVariantGroup section */

/* Begin XCBuildConfiguration section */
		EFFA7DEF236A3830004399A7 /* Debug */ = {
			isa = XCBuildConfiguration;
			buildSettings = {
				ALWAYS_SEARCH_USER_PATHS = NO;
				CLANG_ANALYZER_NONNULL = YES;
				CLANG_ANALYZER_NUMBER_OBJECT_CONVERSION = YES_AGGRESSIVE;
				CLANG_CXX_LANGUAGE_STANDARD = "gnu++14";
				CLANG_CXX_LIBRARY = "libc++";
				CLANG_ENABLE_MODULES = YES;
				CLANG_ENABLE_OBJC_ARC = YES;
				CLANG_ENABLE_OBJC_WEAK = YES;
				CLANG_WARN_BLOCK_CAPTURE_AUTORELEASING = YES;
				CLANG_WARN_BOOL_CONVERSION = YES;
				CLANG_WARN_COMMA = YES;
				CLANG_WARN_CONSTANT_CONVERSION = YES;
				CLANG_WARN_DEPRECATED_OBJC_IMPLEMENTATIONS = YES;
				CLANG_WARN_DIRECT_OBJC_ISA_USAGE = YES_ERROR;
				CLANG_WARN_DOCUMENTATION_COMMENTS = YES;
				CLANG_WARN_EMPTY_BODY = YES;
				CLANG_WARN_ENUM_CONVERSION = YES;
				CLANG_WARN_INFINITE_RECURSION = YES;
				CLANG_WARN_INT_CONVERSION = YES;
				CLANG_WARN_NON_LITERAL_NULL_CONVERSION = YES;
				CLANG_WARN_OBJC_IMPLICIT_RETAIN_SELF = YES;
				CLANG_WARN_OBJC_LITERAL_CONVERSION = YES;
				CLANG_WARN_OBJC_ROOT_CLASS = YES_ERROR;
				CLANG_WARN_RANGE_LOOP_ANALYSIS = YES;
				CLANG_WARN_STRICT_PROTOTYPES = YES;
				CLANG_WARN_SUSPICIOUS_MOVE = YES;
				CLANG_WARN_UNGUARDED_AVAILABILITY = YES_AGGRESSIVE;
				CLANG_WARN_UNREACHABLE_CODE = YES;
				CLANG_WARN__DUPLICATE_METHOD_MATCH = YES;
				COPY_PHASE_STRIP = NO;
				DEBUG_INFORMATION_FORMAT = dwarf;
				ENABLE_STRICT_OBJC_MSGSEND = YES;
				ENABLE_TESTABILITY = YES;
				GCC_C_LANGUAGE_STANDARD = gnu11;
				GCC_DYNAMIC_NO_PIC = NO;
				GCC_NO_COMMON_BLOCKS = YES;
				GCC_OPTIMIZATION_LEVEL = 0;
				GCC_PREPROCESSOR_DEFINITIONS = (
					"DEBUG=1",
					"$(inherited)",
				);
				GCC_WARN_64_TO_32_BIT_CONVERSION = YES;
				GCC_WARN_ABOUT_RETURN_TYPE = YES_ERROR;
				GCC_WARN_UNDECLARED_SELECTOR = YES;
				GCC_WARN_UNINITIALIZED_AUTOS = YES_AGGRESSIVE;
				GCC_WARN_UNUSED_FUNCTION = YES;
				GCC_WARN_UNUSED_VARIABLE = YES;
				IPHONEOS_DEPLOYMENT_TARGET = 13.1;
				MTL_ENABLE_DEBUG_INFO = INCLUDE_SOURCE;
				MTL_FAST_MATH = YES;
				ONLY_ACTIVE_ARCH = YES;
				SDKROOT = iphoneos;
			};
			name = Debug;
		};
		EFFA7DF0236A3830004399A7 /* Release */ = {
			isa = XCBuildConfiguration;
			buildSettings = {
				ALWAYS_SEARCH_USER_PATHS = NO;
				CLANG_ANALYZER_NONNULL = YES;
				CLANG_ANALYZER_NUMBER_OBJECT_CONVERSION = YES_AGGRESSIVE;
				CLANG_CXX_LANGUAGE_STANDARD = "gnu++14";
				CLANG_CXX_LIBRARY = "libc++";
				CLANG_ENABLE_MODULES = YES;
				CLANG_ENABLE_OBJC_ARC = YES;
				CLANG_ENABLE_OBJC_WEAK = YES;
				CLANG_WARN_BLOCK_CAPTURE_AUTORELEASING = YES;
				CLANG_WARN_BOOL_CONVERSION = YES;
				CLANG_WARN_COMMA = YES;
				CLANG_WARN_CONSTANT_CONVERSION = YES;
				CLANG_WARN_DEPRECATED_OBJC_IMPLEMENTATIONS = YES;
				CLANG_WARN_DIRECT_OBJC_ISA_USAGE = YES_ERROR;
				CLANG_WARN_DOCUMENTATION_COMMENTS = YES;
				CLANG_WARN_EMPTY_BODY = YES;
				CLANG_WARN_ENUM_CONVERSION = YES;
				CLANG_WARN_INFINITE_RECURSION = YES;
				CLANG_WARN_INT_CONVERSION = YES;
				CLANG_WARN_NON_LITERAL_NULL_CONVERSION = YES;
				CLANG_WARN_OBJC_IMPLICIT_RETAIN_SELF = YES;
				CLANG_WARN_OBJC_LITERAL_CONVERSION = YES;
				CLANG_WARN_OBJC_ROOT_CLASS = YES_ERROR;
				CLANG_WARN_RANGE_LOOP_ANALYSIS = YES;
				CLANG_WARN_STRICT_PROTOTYPES = YES;
				CLANG_WARN_SUSPICIOUS_MOVE = YES;
				CLANG_WARN_UNGUARDED_AVAILABILITY = YES_AGGRESSIVE;
				CLANG_WARN_UNREACHABLE_CODE = YES;
				CLANG_WARN__DUPLICATE_METHOD_MATCH = YES;
				COPY_PHASE_STRIP = NO;
				DEBUG_INFORMATION_FORMAT = "dwarf-with-dsym";
				ENABLE_NS_ASSERTIONS = NO;
				ENABLE_STRICT_OBJC_MSGSEND = YES;
				GCC_C_LANGUAGE_STANDARD = gnu11;
				GCC_NO_COMMON_BLOCKS = YES;
				GCC_WARN_64_TO_32_BIT_CONVERSION = YES;
				GCC_WARN_ABOUT_RETURN_TYPE = YES_ERROR;
				GCC_WARN_UNDECLARED_SELECTOR = YES;
				GCC_WARN_UNINITIALIZED_AUTOS = YES_AGGRESSIVE;
				GCC_WARN_UNUSED_FUNCTION = YES;
				GCC_WARN_UNUSED_VARIABLE = YES;
				IPHONEOS_DEPLOYMENT_TARGET = 13.1;
				MTL_ENABLE_DEBUG_INFO = NO;
				MTL_FAST_MATH = YES;
				SDKROOT = iphoneos;
				VALIDATE_PRODUCT = YES;
			};
			name = Release;
		};
		EFFA7DF2236A3830004399A7 /* Debug */ = {
			isa = XCBuildConfiguration;
			buildSettings = {
				ASSETCATALOG_COMPILER_APPICON_NAME = AppIcon;
				CODE_SIGN_STYLE = Automatic;
				DEVELOPMENT_TEAM = SBB8C9E36E;
				INFOPLIST_FILE = "iOS-Planets-Obj-C/Info.plist";
				LD_RUNPATH_SEARCH_PATHS = (
					"$(inherited)",
					"@executable_path/Frameworks",
				);
				PRODUCT_BUNDLE_IDENTIFIER = "Seschwan.com.iOS-Planets-Obj-C";
				PRODUCT_NAME = "$(TARGET_NAME)";
				TARGETED_DEVICE_FAMILY = "1,2";
			};
			name = Debug;
		};
		EFFA7DF3236A3830004399A7 /* Release */ = {
			isa = XCBuildConfiguration;
			buildSettings = {
				ASSETCATALOG_COMPILER_APPICON_NAME = AppIcon;
				CODE_SIGN_STYLE = Automatic;
				DEVELOPMENT_TEAM = SBB8C9E36E;
				INFOPLIST_FILE = "iOS-Planets-Obj-C/Info.plist";
				LD_RUNPATH_SEARCH_PATHS = (
					"$(inherited)",
					"@executable_path/Frameworks",
				);
				PRODUCT_BUNDLE_IDENTIFIER = "Seschwan.com.iOS-Planets-Obj-C";
				PRODUCT_NAME = "$(TARGET_NAME)";
				TARGETED_DEVICE_FAMILY = "1,2";
			};
			name = Release;
		};
/* End XCBuildConfiguration section */

/* Begin XCConfigurationList section */
		EFFA7DD3236A382F004399A7 /* Build configuration list for PBXProject "iOS-Planets-Obj-C" */ = {
			isa = XCConfigurationList;
			buildConfigurations = (
				EFFA7DEF236A3830004399A7 /* Debug */,
				EFFA7DF0236A3830004399A7 /* Release */,
			);
			defaultConfigurationIsVisible = 0;
			defaultConfigurationName = Release;
		};
		EFFA7DF1236A3830004399A7 /* Build configuration list for PBXNativeTarget "iOS-Planets-Obj-C" */ = {
			isa = XCConfigurationList;
			buildConfigurations = (
				EFFA7DF2236A3830004399A7 /* Debug */,
				EFFA7DF3236A3830004399A7 /* Release */,
			);
			defaultConfigurationIsVisible = 0;
			defaultConfigurationName = Release;
		};
/* End XCConfigurationList section */
	};
	rootObject = EFFA7DD0236A382F004399A7 /* Project object */;
}
